
Microsoft Visual Studio Solution File, Format Version 12.00
# Visual Studio Version 16
VisualStudioVersion = 16.0.32407.337
MinimumVisualStudioVersion = 10.0.40219.1
Project("{8BC9CEB8-8B4A-11D0-8D11-00A0C91BC942}") = "RemoteCtrl", "RemoteCtrl\RemoteCtrl.vcxproj", "{7512509F-1AC0-4361-8FB4-0DAE209A627F}"
EndProject
Project("{8BC9CEB8-8B4A-11D0-8D11-00A0C91BC942}") = "RemoteClient", "RemoteClient\RemoteClient.vcxproj", "{E78DA1FE-E4EA-4CF1-ABAD-906CD44851D2}"
EndProject
Project("{2150E333-8FDC-42A3-9474-1A3956D46DE8}") = "Solution Items", "Solution Items", "{9AD7F987-2590-44CF-8D63-4E3DFDD89D37}"
	ProjectSection(SolutionItems) = preProject
		远控系统设计.uml = 远控系统设计.uml
	EndProjectSection
EndProject
Global
	GlobalSection(SolutionConfigurationPlatforms) = preSolution
		Debug|x64 = Debug|x64
		Debug|x86 = Debug|x86
		Release|x64 = Release|x64
		Release|x86 = Release|x86
	EndGlobalSection
	GlobalSection(ProjectConfigurationPlatforms) = postSolution
		{7512509F-1AC0-4361-8FB4-0DAE209A627F}.Debug|x64.ActiveCfg = Debug|x64
		{7512509F-1AC0-4361-8FB4-0DAE209A627F}.Debug|x64.Build.0 = Debug|x64
		{7512509F-1AC0-4361-8FB4-0DAE209A627F}.Debug|x86.ActiveCfg = Debug|Win32
		{7512509F-1AC0-4361-8FB4-0DAE209A627F}.Debug|x86.Build.0 = Debug|Win32
		{7512509F-1AC0-4361-8FB4-0DAE209A627F}.Release|x64.ActiveCfg = Release|x64
		{7512509F-1AC0-4361-8FB4-0DAE209A627F}.Release|x64.Build.0 = Release|x64
		{7512509F-1AC0-4361-8FB4-0DAE209A627F}.Release|x86.ActiveCfg = Release|Win32
		{7512509F-1AC0-4361-8FB4-0DAE209A627F}.Release|x86.Build.0 = Release|Win32
		{E78DA1FE-E4EA-4CF1-ABAD-906CD44851D2}.Debug|x64.ActiveCfg = Debug|x64
		{E78DA1FE-E4EA-4CF1-ABAD-906CD44851D2}.Debug|x64.Build.0 = Debug|x64
		{E78DA1FE-E4EA-4CF1-ABAD-906CD44851D2}.Debug|x86.ActiveCfg = Debug|Win32
		{E78DA1FE-E4EA-4CF1-ABAD-906CD44851D2}.Debug|x86.Build.0 = Debug|Win32
		{E78DA1FE-E4EA-4CF1-ABAD-906CD44851D2}.Release|x64.ActiveCfg = Release|x64
		{E78DA1FE-E4EA-4CF1-ABAD-906CD44851D2}.Release|x64.Build.0 = Release|x64
		{E78DA1FE-E4EA-4CF1-ABAD-906CD44851D2}.Release|x86.ActiveCfg = Release|Win32
		{E78DA1FE-E4EA-4CF1-ABAD-906CD44851D2}.Release|x86.Build.0 = Release|Win32
	EndGlobalSection
	GlobalSection(SolutionProperties) = preSolution
		HideSolutionNode = FALSE
	EndGlobalSection
	GlobalSection(ExtensibilityGlobals) = postSolution
		SolutionGuid = {49A81017-68DB-4C1E-A428-B54CEB42EB8C}
	EndGlobalSection
EndGlobal
